<?xml version="1.0" encoding="utf-8"?>
<Project ToolsVersion="4.0" xmlns="http://schemas.microsoft.com/developer/msbuild/2003">
  <ItemGroup>
    <Filter Include="源文件">
      <UniqueIdentifier>{4FC737F1-C7A5-4376-A066-2A32D752A2FF}</UniqueIdentifier>
      <Extensions>cpp;c;cc;cxx;def;odl;idl;hpj;bat;asm;asmx</Extensions>
    </Filter>
    <Filter Include="头文件">
      <UniqueIdentifier>{93995380-89BD-4b04-88EB-625FBE52EBFB}</UniqueIdentifier>
      <Extensions>h;hh;hpp;hxx;hm;inl;inc;ipp;xsd</Extensions>
    </Filter>
    <Filter Include="资源文件">
      <UniqueIdentifier>{67DA6AB6-F800-4c08-8B7A-83BB121AAD01}</UniqueIdentifier>
      <Extensions>rc;ico;cur;bmp;dlg;rc2;rct;bin;rgs;gif;jpg;jpeg;jpe;resx;tiff;tif;png;wav;mfcribbon-ms</Extensions>
    </Filter>
    <Filter Include="源文件\services">
      <UniqueIdentifier>{16018184-41d5-4b55-a5b8-8abc4116ad8c}</UniqueIdentifier>
    </Filter>
    <Filter Include="源文件\threads">
      <UniqueIdentifier>{e4c2e7e3-ac1f-4534-9163-55cb65d2da50}</UniqueIdentifier>
    </Filter>
    <Filter Include="源文件\model">
      <UniqueIdentifier>{ad6b7bd5-4baa-4738-922c-452e954b7760}</UniqueIdentifier>
    </Filter>
  </ItemGroup>
  <ItemGroup>
    <ClInclude Include="stdafx.h">
      <Filter>头文件</Filter>
    </ClInclude>
    <ClInclude Include="targetver.h">
      <Filter>头文件</Filter>
    </ClInclude>
    <ClInclude Include="resource.h">
      <Filter>头文件</Filter>
    </ClInclude>
    <ClInclude Include="MemAddr.h">
      <Filter>头文件</Filter>
    </ClInclude>
    <ClInclude Include="Spirit.h">
      <Filter>头文件</Filter>
    </ClInclude>
    <ClInclude Include="UIThread.h">
      <Filter>头文件</Filter>
    </ClInclude>
    <ClInclude Include="HookThread.h">
      <Filter>头文件</Filter>
    </ClInclude>
    <ClInclude Include="UIControlVal.h">
      <Filter>头文件</Filter>
    </ClInclude>
  </ItemGroup>
  <ItemGroup>
    <ClCompile Include="stdafx.cpp">
      <Filter>源文件</Filter>
    </ClCompile>
    <ClCompile Include="InjectedDll.cpp">
      <Filter>源文件</Filter>
    </ClCompile>
    <ClCompile Include="dllmain.cpp">
      <Filter>源文件</Filter>
    </ClCompile>
    <ClCompile Include="Spirit.cpp">
      <Filter>源文件\model</Filter>
    </ClCompile>
    <ClCompile Include="HookThread.cpp">
      <Filter>源文件\threads</Filter>
    </ClCompile>
    <ClCompile Include="UIThread.cpp">
      <Filter>源文件\threads</Filter>
    </ClCompile>
    <ClCompile Include="UIControlVal.cpp">
      <Filter>源文件\model</Filter>
    </ClCompile>
  </ItemGroup>
  <ItemGroup>
    <ResourceCompile Include="InjectedDll.rc">
      <Filter>资源文件</Filter>
    </ResourceCompile>
  </ItemGroup>
</Project>